
Microsoft Visual Studio Solution File, Format Version 12.00
Project("{FAE04EC0-301F-11D3-BF4B-00C04F79EFBC}") = "Apbd_Task_CodeFirst", "Apbd_Task_CodeFirst\Apbd_Task_CodeFirst.csproj", "{6C0B77FF-DD00-4989-B682-FDFD7B682E6D}"
EndProject
Global
	GlobalSection(SolutionConfigurationPlatforms) = preSolution
		Debug|Any CPU = Debug|Any CPU
		Release|Any CPU = Release|Any CPU
	EndGlobalSection
	GlobalSection(ProjectConfigurationPlatforms) = postSolution
		{6C0B77FF-DD00-4989-B682-FDFD7B682E6D}.Debug|Any CPU.ActiveCfg = Debug|Any CPU
		{6C0B77FF-DD00-4989-B682-FDFD7B682E6D}.Debug|Any CPU.Build.0 = Debug|Any CPU
		{6C0B77FF-DD00-4989-B682-FDFD7B682E6D}.Release|Any CPU.ActiveCfg = Release|Any CPU
		{6C0B77FF-DD00-4989-B682-FDFD7B682E6D}.Release|Any CPU.Build.0 = Release|Any CPU
	EndGlobalSection
EndGlobal
